{
  "nodes": {
    "capacitor": {
      "inputs": {
        "devshell": "devshell",
        "mach-nix": "mach-nix",
        "nix-eval-jobs": "nix-eval-jobs",
        "nixpkgs": "nixpkgs_3",
        "nixpkgs-lib": "nixpkgs-lib",
        "root": []
      },
      "locked": {
        "lastModified": 1655743547,
        "narHash": "sha256-z8aMi31gUGNFqNkrM6AtbBdS0fdxjErNYEbak6F7o7M=",
        "ref": "refs/heads/master",
        "rev": "bb06f0ed01e60ddb79cc7aed114ac633898f756d",
        "revCount": 203,
        "type": "git",
        "url": "ssh://git@github.com/flox/capacitor"
      },
      "original": {
        "type": "git",
        "url": "ssh://git@github.com/flox/capacitor"
      }
    },
    "catalog": {
      "inputs": {
        "src": "src"
      },
      "locked": {
        "lastModified": 1,
        "narHash": "sha256-n+4E7lZ3K3+DjTNDrubBHA9++wo1/qLqVA7gzUdKCCo=",
        "path": "./pkgs/catalog",
        "type": "path"
      },
      "original": {
        "path": "./pkgs/catalog",
        "type": "path"
      }
    },
    "devshell": {
      "inputs": {
        "flake-utils": "flake-utils",
        "nixpkgs": "nixpkgs"
      },
      "locked": {
        "lastModified": 1654858401,
        "narHash": "sha256-53bw34DtVJ2bnF6WEwy6Tym+qY0pNEiEwARUlvmTZjs=",
        "owner": "numtide",
        "repo": "devshell",
        "rev": "f55e05c6d3bbe9acc7363bc8fc739518b2f02976",
        "type": "github"
      },
      "original": {
        "owner": "numtide",
        "repo": "devshell",
        "type": "github"
      }
    },
    "devshell_2": {
      "inputs": {
        "flake-utils": "flake-utils_6",
        "nixpkgs": "nixpkgs_8"
      },
      "locked": {
        "lastModified": 1654858401,
        "narHash": "sha256-53bw34DtVJ2bnF6WEwy6Tym+qY0pNEiEwARUlvmTZjs=",
        "owner": "numtide",
        "repo": "devshell",
        "rev": "f55e05c6d3bbe9acc7363bc8fc739518b2f02976",
        "type": "github"
      },
      "original": {
        "owner": "numtide",
        "repo": "devshell",
        "type": "github"
      }
    },
    "flake-compat": {
      "flake": false,
      "locked": {
        "lastModified": 1650374568,
        "narHash": "sha256-Z+s0J8/r907g149rllvwhb4pKi8Wam5ij0st8PwAh+E=",
        "owner": "edolstra",
        "repo": "flake-compat",
        "rev": "b4a34015c698c7793d592d66adbab377907a2be8",
        "type": "github"
      },
      "original": {
        "owner": "edolstra",
        "repo": "flake-compat",
        "type": "github"
      }
    },
    "flake-compat_2": {
      "flake": false,
      "locked": {
        "lastModified": 1650374568,
        "narHash": "sha256-Z+s0J8/r907g149rllvwhb4pKi8Wam5ij0st8PwAh+E=",
        "owner": "edolstra",
        "repo": "flake-compat",
        "rev": "b4a34015c698c7793d592d66adbab377907a2be8",
        "type": "github"
      },
      "original": {
        "owner": "edolstra",
        "repo": "flake-compat",
        "type": "github"
      }
    },
    "flake-utils": {
      "locked": {
        "lastModified": 1642700792,
        "narHash": "sha256-XqHrk7hFb+zBvRg6Ghl+AZDq03ov6OshJLiSWOoX5es=",
        "owner": "numtide",
        "repo": "flake-utils",
        "rev": "846b2ae0fc4cc943637d3d1def4454213e203cba",
        "type": "github"
      },
      "original": {
        "owner": "numtide",
        "repo": "flake-utils",
        "type": "github"
      }
    },
    "flake-utils_2": {
      "locked": {
        "lastModified": 1642700792,
        "narHash": "sha256-XqHrk7hFb+zBvRg6Ghl+AZDq03ov6OshJLiSWOoX5es=",
        "owner": "numtide",
        "repo": "flake-utils",
        "rev": "846b2ae0fc4cc943637d3d1def4454213e203cba",
        "type": "github"
      },
      "original": {
        "owner": "numtide",
        "repo": "flake-utils",
        "type": "github"
      }
    },
    "flake-utils_3": {
      "locked": {
        "lastModified": 1644229661,
        "narHash": "sha256-1YdnJAsNy69bpcjuoKdOYQX0YxZBiCYZo4Twxerqv7k=",
        "owner": "numtide",
        "repo": "flake-utils",
        "rev": "3cecb5b042f7f209c56ffd8371b2711a290ec797",
        "type": "github"
      },
      "original": {
        "owner": "numtide",
        "repo": "flake-utils",
        "type": "github"
      }
    },
    "flake-utils_4": {
      "locked": {
        "lastModified": 1653893745,
        "narHash": "sha256-0jntwV3Z8//YwuOjzhV2sgJJPt+HY6KhU7VZUL0fKZQ=",
        "owner": "numtide",
        "repo": "flake-utils",
        "rev": "1ed9fb1935d260de5fe1c2f7ee0ebaae17ed2fa1",
        "type": "github"
      },
      "original": {
        "owner": "numtide",
        "repo": "flake-utils",
        "type": "github"
      }
    },
    "flake-utils_5": {
      "locked": {
        "lastModified": 1644229661,
        "narHash": "sha256-1YdnJAsNy69bpcjuoKdOYQX0YxZBiCYZo4Twxerqv7k=",
        "owner": "numtide",
        "repo": "flake-utils",
        "rev": "3cecb5b042f7f209c56ffd8371b2711a290ec797",
        "type": "github"
      },
      "original": {
        "owner": "numtide",
        "repo": "flake-utils",
        "type": "github"
      }
    },
    "flake-utils_6": {
      "locked": {
        "lastModified": 1642700792,
        "narHash": "sha256-XqHrk7hFb+zBvRg6Ghl+AZDq03ov6OshJLiSWOoX5es=",
        "owner": "numtide",
        "repo": "flake-utils",
        "rev": "846b2ae0fc4cc943637d3d1def4454213e203cba",
        "type": "github"
      },
      "original": {
        "owner": "numtide",
        "repo": "flake-utils",
        "type": "github"
      }
    },
    "flake-utils_7": {
      "locked": {
        "lastModified": 1642700792,
        "narHash": "sha256-XqHrk7hFb+zBvRg6Ghl+AZDq03ov6OshJLiSWOoX5es=",
        "owner": "numtide",
        "repo": "flake-utils",
        "rev": "846b2ae0fc4cc943637d3d1def4454213e203cba",
        "type": "github"
      },
      "original": {
        "owner": "numtide",
        "repo": "flake-utils",
        "type": "github"
      }
    },
    "flake-utils_8": {
      "locked": {
        "lastModified": 1653893745,
        "narHash": "sha256-0jntwV3Z8//YwuOjzhV2sgJJPt+HY6KhU7VZUL0fKZQ=",
        "owner": "numtide",
        "repo": "flake-utils",
        "rev": "1ed9fb1935d260de5fe1c2f7ee0ebaae17ed2fa1",
        "type": "github"
      },
      "original": {
        "owner": "numtide",
        "repo": "flake-utils",
        "type": "github"
      }
    },
    "flox": {
      "inputs": {
        "capacitor": [
          "capacitor"
        ],
        "catalog": "catalog",
        "devshell": "devshell_2",
        "flox": "flox_2",
        "floxdocs": "floxdocs",
        "mach-nix": "mach-nix_2",
        "mini-dinstall": "mini-dinstall",
        "nix-editor": "nix-editor_2",
        "nix-installers": "nix-installers",
        "nixpkgs": [
          "capacitor",
          "nixpkgs"
        ],
        "ops-env": "ops-env",
        "pypi-deps-db": "pypi-deps-db_2",
        "tracelinks": "tracelinks"
      },
      "locked": {
        "lastModified": 1655316684,
        "narHash": "sha256-GnVJxFYmNHrTeQz6jiPbe52n+ci3mrNGo4STyxeGUUk=",
        "ref": "refs/heads/master",
        "rev": "5f7d8ef259f3b333e991792f227612af3a5d9d93",
        "revCount": 221,
        "type": "git",
        "url": "ssh://git@github.com/flox/floxpkgs"
      },
      "original": {
        "type": "git",
        "url": "ssh://git@github.com/flox/floxpkgs"
      }
    },
    "flox_2": {
      "inputs": {
        "src": "src_2"
      },
      "locked": {
        "lastModified": 1,
        "narHash": "sha256-dM4EomVt2nqk6SHHITeSkwNcHHNEpwuwoy4+z/Fm9uw=",
        "path": "./pkgs/flox",
        "type": "path"
      },
      "original": {
        "path": "./pkgs/flox",
        "type": "path"
      }
    },
    "floxdocs": {
      "flake": false,
      "locked": {
        "lastModified": 1655133337,
        "narHash": "sha256-urNxWkP5gYABNJKK0JpOpj2Wlei42ytHaQQzYFuL7Pw=",
        "ref": "tng",
        "rev": "6a47a1443ee335772bd5d90764c0345c4bfdbb60",
        "revCount": 447,
        "type": "git",
        "url": "ssh://git@github.com/flox/floxdocs"
      },
      "original": {
        "ref": "tng",
        "type": "git",
        "url": "ssh://git@github.com/flox/floxdocs"
      }
    },
    "mach-nix": {
      "inputs": {
        "flake-utils": "flake-utils_2",
        "nixpkgs": "nixpkgs_2",
        "pypi-deps-db": "pypi-deps-db"
      },
      "locked": {
        "lastModified": 1655670309,
        "narHash": "sha256-BpFY3YKt6JkWeK94IpIS+qnRhqDHPWZDhXMJYMZwpYc=",
        "owner": "DavHau",
        "repo": "mach-nix",
        "rev": "7e84a4e8fe088449abfa22476ad35c6cf493cad1",
        "type": "github"
      },
      "original": {
        "owner": "DavHau",
        "repo": "mach-nix",
        "type": "github"
      }
    },
    "mach-nix_2": {
      "inputs": {
        "flake-utils": "flake-utils_7",
        "nixpkgs": [
          "flox",
          "nixpkgs"
        ],
        "pypi-deps-db": [
          "flox",
          "pypi-deps-db"
        ]
      },
      "locked": {
        "lastModified": 1654084003,
        "narHash": "sha256-j/XrVVistvM+Ua+0tNFvO5z83isL+LBgmBi9XppxuKA=",
        "owner": "DavHau",
        "repo": "mach-nix",
        "rev": "7e14360bde07dcae32e5e24f366c83272f52923f",
        "type": "github"
      },
      "original": {
        "owner": "DavHau",
        "repo": "mach-nix",
        "type": "github"
      }
    },
    "mini-dinstall": {
      "flake": false,
      "locked": {
        "lastModified": 1628154387,
        "narHash": "sha256-Xb8pO+jmMCbkgd8gcamqs2kFpBuccc7xa21jQKnCy04=",
        "ref": "main",
        "rev": "e0a05885120fd70595fe0f5468fa77d83049081f",
        "revCount": 1,
        "type": "git",
        "url": "ssh://git@github.com/flox/mini-dinstall"
      },
      "original": {
        "ref": "main",
        "type": "git",
        "url": "ssh://git@github.com/flox/mini-dinstall"
      }
    },
    "naersk": {
      "inputs": {
        "nixpkgs": "nixpkgs_4"
      },
      "locked": {
        "lastModified": 1653413650,
        "narHash": "sha256-wojDHjb+eU80MPH+3HQaK0liUy8EgR95rvmCl24i58Y=",
        "owner": "nix-community",
        "repo": "naersk",
        "rev": "69daaceebe12c070cd5ae69ba38f277bbf033695",
        "type": "github"
      },
      "original": {
        "owner": "nix-community",
        "repo": "naersk",
        "type": "github"
      }
    },
    "naersk_2": {
      "inputs": {
        "nixpkgs": "nixpkgs_9"
      },
      "locked": {
        "lastModified": 1653413650,
        "narHash": "sha256-wojDHjb+eU80MPH+3HQaK0liUy8EgR95rvmCl24i58Y=",
        "owner": "nix-community",
        "repo": "naersk",
        "rev": "69daaceebe12c070cd5ae69ba38f277bbf033695",
        "type": "github"
      },
      "original": {
        "owner": "nix-community",
        "repo": "naersk",
        "type": "github"
      }
    },
    "nix-editor": {
      "inputs": {
        "flake-compat": "flake-compat",
        "flake-utils": "flake-utils_4",
        "naersk": "naersk",
        "nixpkgs": "nixpkgs_5"
      },
      "locked": {
        "lastModified": 1654474782,
        "narHash": "sha256-OjrHJ7hcOZCMVJLD5BJvKdbqOkRZKqaOUWNxM5utvXI=",
        "owner": "vlinkz",
        "repo": "nix-editor",
        "rev": "e9a4f810f9fb8f92c88eaac80320f2415a6fd542",
        "type": "github"
      },
      "original": {
        "owner": "vlinkz",
        "repo": "nix-editor",
        "type": "github"
      }
    },
    "nix-editor_2": {
      "inputs": {
        "src": "src_3"
      },
      "locked": {
        "lastModified": 1,
        "narHash": "sha256-/rOklyjglefCo30W+2MVSxqPsRRFVvNqUZasOZ1NcH4=",
        "path": "./pkgs/nix-editor",
        "type": "path"
      },
      "original": {
        "path": "./pkgs/nix-editor",
        "type": "path"
      }
    },
    "nix-eval-jobs": {
      "inputs": {
        "flake-utils": "flake-utils_3",
        "nixpkgs": [
          "capacitor",
          "nixpkgs"
        ]
      },
      "locked": {
        "lastModified": 1650329966,
        "narHash": "sha256-kSr0AcRKp3cE5+QGVK258qd2zZtR7Ty8ysNX9EHFgA0=",
        "owner": "tomberek",
        "repo": "nix-eval-jobs",
        "rev": "adcde0193f1c4b58406d52222d265613b8b16432",
        "type": "github"
      },
      "original": {
        "owner": "tomberek",
        "repo": "nix-eval-jobs",
        "type": "github"
      }
    },
    "nix-eval-jobs_2": {
      "inputs": {
        "flake-utils": "flake-utils_5",
        "nixpkgs": "nixpkgs_6"
      },
      "locked": {
        "lastModified": 1650329966,
        "narHash": "sha256-kSr0AcRKp3cE5+QGVK258qd2zZtR7Ty8ysNX9EHFgA0=",
        "owner": "tomberek",
        "repo": "nix-eval-jobs",
        "rev": "adcde0193f1c4b58406d52222d265613b8b16432",
        "type": "github"
      },
      "original": {
        "owner": "tomberek",
        "repo": "nix-eval-jobs",
        "type": "github"
      }
    },
    "nix-installers": {
      "flake": false,
      "locked": {
        "lastModified": 1654346181,
        "narHash": "sha256-47Bn4HKcR9sugI65UZ8Q9tR9WhKR/fzKapHFXp7kF5Q=",
        "ref": "master",
        "rev": "32756ff06f7daf71fbded1a8c2471038ad80392b",
        "revCount": 89,
        "type": "git",
        "url": "ssh://git@github.com/flox/nix-installers"
      },
      "original": {
        "type": "git",
        "url": "ssh://git@github.com/flox/nix-installers"
      }
    },
    "nixpkgs": {
      "locked": {
        "lastModified": 1643381941,
        "narHash": "sha256-pHTwvnN4tTsEKkWlXQ8JMY423epos8wUOhthpwJjtpc=",
        "owner": "NixOS",
        "repo": "nixpkgs",
        "rev": "5efc8ca954272c4376ac929f4c5ffefcc20551d5",
        "type": "github"
      },
      "original": {
        "owner": "NixOS",
        "ref": "nixpkgs-unstable",
        "repo": "nixpkgs",
        "type": "github"
      }
    },
    "nixpkgs-lib": {
      "locked": {
        "lastModified": 1652576347,
        "narHash": "sha256-52Wu7hkcIRcS4UenSSrt01J2sAbbQ6YqxZIDpuEPL/c=",
        "owner": "nix-community",
        "repo": "nixpkgs.lib",
        "rev": "bdf553800c9c34ed00641785b02038f67f44d671",
        "type": "github"
      },
      "original": {
        "owner": "nix-community",
        "repo": "nixpkgs.lib",
        "type": "github"
      }
    },
    "nixpkgs-stable": {
      "locked": {
        "lastModified": 1653060744,
        "narHash": "sha256-kfRusllRumpt33J1hPV+CeCCylCXEU7e0gn2/cIM7cY=",
        "owner": "flox",
        "repo": "nixpkgs",
        "rev": "dfd82985c273aac6eced03625f454b334daae2e8",
        "type": "github"
      },
      "original": {
        "owner": "flox",
        "ref": "stable",
        "repo": "nixpkgs",
        "type": "github"
      }
    },
    "nixpkgs-staging": {
      "locked": {
        "lastModified": 1655221618,
        "narHash": "sha256-ht8HRFthDKzYt+il+sGgkBwrv+Ex2l8jdGVpsrPfFME=",
        "owner": "flox",
        "repo": "nixpkgs",
        "rev": "6616de389ed55fba6eeba60377fc04732d5a207c",
        "type": "github"
      },
      "original": {
        "owner": "flox",
        "ref": "staging",
        "repo": "nixpkgs",
        "type": "github"
      }
    },
    "nixpkgs-unstable": {
      "locked": {
        "lastModified": 1655221618,
        "narHash": "sha256-ht8HRFthDKzYt+il+sGgkBwrv+Ex2l8jdGVpsrPfFME=",
        "owner": "flox",
        "repo": "nixpkgs",
        "rev": "6616de389ed55fba6eeba60377fc04732d5a207c",
        "type": "github"
      },
      "original": {
        "owner": "flox",
        "ref": "unstable",
        "repo": "nixpkgs",
        "type": "github"
      }
    },
    "nixpkgs_10": {
      "locked": {
        "lastModified": 1653845079,
        "narHash": "sha256-7ghaQZ+7JXLI9FgNH8+RQHAt3/ubT92j8NtjZleP6t4=",
        "owner": "nixos",
        "repo": "nixpkgs",
        "rev": "b62ada430501de88dfbb08cea4eb98ead3a5e3e7",
        "type": "github"
      },
      "original": {
        "owner": "nixos",
        "ref": "nixos-unstable",
        "repo": "nixpkgs",
        "type": "github"
      }
    },
    "nixpkgs_2": {
      "locked": {
        "lastModified": 1643805626,
        "narHash": "sha256-AXLDVMG+UaAGsGSpOtQHPIKB+IZ0KSd9WS77aanGzgc=",
        "owner": "NixOS",
        "repo": "nixpkgs",
        "rev": "554d2d8aa25b6e583575459c297ec23750adb6cb",
        "type": "github"
      },
      "original": {
        "id": "nixpkgs",
        "ref": "nixos-unstable",
        "type": "indirect"
      }
    },
    "nixpkgs_3": {
      "inputs": {
        "nix-editor": "nix-editor",
        "nix-eval-jobs": "nix-eval-jobs_2",
        "nixpkgs": "nixpkgs_7",
        "nixpkgs-stable": "nixpkgs-stable",
        "nixpkgs-staging": "nixpkgs-staging",
        "nixpkgs-unstable": "nixpkgs-unstable"
      },
      "locked": {
        "lastModified": 1655411478,
        "narHash": "sha256-o9sBou4u3ujHAkavr1VQ5f7gARWinoU6Vn0coG+Dg6Q=",
        "ref": "refs/heads/master",
        "rev": "29e796818030eb204122045916a71d39a4018724",
        "revCount": 62,
        "type": "git",
        "url": "ssh://git@github.com/flox/nixpkgs-flox"
      },
      "original": {
        "type": "git",
        "url": "ssh://git@github.com/flox/nixpkgs-flox"
      }
    },
    "nixpkgs_4": {
      "locked": {
        "lastModified": 1653918805,
        "narHash": "sha256-6ahwAnBNGgqSNSn/6RnsxrlFi+fkA+RyT6o/5S1915o=",
        "owner": "NixOS",
        "repo": "nixpkgs",
        "rev": "a0a69be4b5ee63f1b5e75887a406e9194012b492",
        "type": "github"
      },
      "original": {
        "id": "nixpkgs",
        "type": "indirect"
      }
    },
    "nixpkgs_5": {
      "locked": {
        "lastModified": 1653845079,
        "narHash": "sha256-7ghaQZ+7JXLI9FgNH8+RQHAt3/ubT92j8NtjZleP6t4=",
        "owner": "nixos",
        "repo": "nixpkgs",
        "rev": "b62ada430501de88dfbb08cea4eb98ead3a5e3e7",
        "type": "github"
      },
      "original": {
        "owner": "nixos",
        "ref": "nixos-unstable",
        "repo": "nixpkgs",
        "type": "github"
      }
    },
    "nixpkgs_6": {
      "locked": {
        "lastModified": 1647186833,
        "narHash": "sha256-62CMNrhICLcI/5jNSQDAQpUUvtvTXBsYWSU6ZlhPIzs=",
        "owner": "Mic92",
        "repo": "nixpkgs",
        "rev": "de173cbbb66e9b454e0e836cec1b807856934539",
        "type": "github"
      },
      "original": {
        "owner": "Mic92",
        "ref": "nix-unstable",
        "repo": "nixpkgs",
        "type": "github"
      }
    },
    "nixpkgs_7": {
      "locked": {
        "lastModified": 1655221618,
        "narHash": "sha256-ht8HRFthDKzYt+il+sGgkBwrv+Ex2l8jdGVpsrPfFME=",
        "owner": "flox",
        "repo": "nixpkgs",
        "rev": "6616de389ed55fba6eeba60377fc04732d5a207c",
        "type": "github"
      },
      "original": {
        "owner": "flox",
        "ref": "unstable",
        "repo": "nixpkgs",
        "type": "github"
      }
    },
    "nixpkgs_8": {
      "locked": {
        "lastModified": 1643381941,
        "narHash": "sha256-pHTwvnN4tTsEKkWlXQ8JMY423epos8wUOhthpwJjtpc=",
        "owner": "NixOS",
        "repo": "nixpkgs",
        "rev": "5efc8ca954272c4376ac929f4c5ffefcc20551d5",
        "type": "github"
      },
      "original": {
        "owner": "NixOS",
        "ref": "nixpkgs-unstable",
        "repo": "nixpkgs",
        "type": "github"
      }
    },
    "nixpkgs_9": {
      "locked": {
        "lastModified": 1653918805,
        "narHash": "sha256-6ahwAnBNGgqSNSn/6RnsxrlFi+fkA+RyT6o/5S1915o=",
        "owner": "NixOS",
        "repo": "nixpkgs",
        "rev": "a0a69be4b5ee63f1b5e75887a406e9194012b492",
        "type": "github"
      },
      "original": {
        "id": "nixpkgs",
        "type": "indirect"
      }
    },
    "ops-env": {
      "inputs": {
        "capacitor": [
          "flox",
          "capacitor"
        ],
        "floxpkgs": [
          "flox"
        ],
        "nixpkgs": [
          "flox",
          "nixpkgs"
        ]
      },
      "locked": {
        "lastModified": 1,
        "narHash": "sha256-1TJCXv3SKTFgBGoQ8br+GN1asOT5Rv1NJCrHeYQh/U0=",
        "path": "./templates/ops-env",
        "type": "path"
      },
      "original": {
        "path": "./templates/ops-env",
        "type": "path"
      }
    },
    "pypi-deps-db": {
      "flake": false,
      "locked": {
        "lastModified": 1643877077,
        "narHash": "sha256-jv8pIvRFTP919GybOxXE5TfOkrjTbdo9QiCO1TD3ZaY=",
        "owner": "DavHau",
        "repo": "pypi-deps-db",
        "rev": "da53397f0b782b0b18deb72ef8e0fb5aa7c98aa3",
        "type": "github"
      },
      "original": {
        "owner": "DavHau",
        "repo": "pypi-deps-db",
        "type": "github"
      }
    },
    "pypi-deps-db_2": {
      "flake": false,
      "locked": {
        "lastModified": 1655108655,
        "narHash": "sha256-2DpW5krq+PzvyohOnC+YPwLSd9hpkVlzxeh2Xb+BqDQ=",
        "owner": "DavHau",
        "repo": "pypi-deps-db",
        "rev": "a66d3139aa049d5fd2ae551e023c984058f24809",
        "type": "github"
      },
      "original": {
        "owner": "DavHau",
        "repo": "pypi-deps-db",
        "type": "github"
      }
    },
    "root": {
      "inputs": {
        "capacitor": "capacitor",
        "flox": "flox"
      }
    },
    "src": {
      "flake": false,
      "locked": {
        "lastModified": 1653596154,
        "narHash": "sha256-tXsp/zXlmeirsIAmbiEwsCYALdzTnJYcikIxFZmtY8w=",
        "ref": "master",
        "rev": "88d431a0ac98e1a325416863e62a2c73ba600c32",
        "revCount": 45,
        "type": "git",
        "url": "ssh://git@github.com/flox/catalog"
      },
      "original": {
        "ref": "master",
        "type": "git",
        "url": "ssh://git@github.com/flox/catalog"
      }
    },
    "src_2": {
      "flake": false,
      "locked": {
        "lastModified": 1655315195,
        "narHash": "sha256-aIjVd4G1Vu62dgOr8X0cLcdBlTPXlBqifoGNQwlaBLA=",
        "ref": "tng",
        "rev": "95c8b77d48342597b72c0cccb642bfe02707e188",
        "revCount": 165,
        "type": "git",
        "url": "ssh://git@github.com/flox/flox"
      },
      "original": {
        "ref": "tng",
        "type": "git",
        "url": "ssh://git@github.com/flox/flox"
      }
    },
    "src_3": {
      "inputs": {
        "flake-compat": "flake-compat_2",
        "flake-utils": "flake-utils_8",
        "naersk": "naersk_2",
        "nixpkgs": "nixpkgs_10"
      },
      "locked": {
        "lastModified": 1654474782,
        "narHash": "sha256-OjrHJ7hcOZCMVJLD5BJvKdbqOkRZKqaOUWNxM5utvXI=",
        "owner": "vlinkz",
        "repo": "nix-editor",
        "rev": "e9a4f810f9fb8f92c88eaac80320f2415a6fd542",
        "type": "github"
      },
      "original": {
        "owner": "vlinkz",
        "repo": "nix-editor",
        "type": "github"
      }
    },
    "src_4": {
      "flake": false,
      "locked": {
        "lastModified": 1647596882,
        "narHash": "sha256-RdD0fUS1XT03T4XSp4abxb8AOkQUEy93I86xBkks/Tc=",
        "ref": "main",
        "rev": "22d985d2757f1834ee51d3dadc93908c9cfc9ab3",
        "revCount": 5,
        "type": "git",
        "url": "ssh://git@github.com/flox/tracelinks"
      },
      "original": {
        "ref": "main",
        "type": "git",
        "url": "ssh://git@github.com/flox/tracelinks"
      }
    },
    "tracelinks": {
      "inputs": {
        "src": "src_4"
      },
      "locked": {
        "lastModified": 1,
        "narHash": "sha256-YbWlEEhGQdL0nNBsKw3aVPjq4dPKO4Cxs+54nx1qe20=",
        "path": "./pkgs/tracelinks",
        "type": "path"
      },
      "original": {
        "path": "./pkgs/tracelinks",
        "type": "path"
      }
    }
  },
  "root": "root",
  "version": 7
}
